// !$*UTF8*$!
{
	archiveVersion = 1;
	classes = {
	};
	objectVersion = 46;
	objects = {

/* Begin PBXBuildFile section */
		340AB14A1B3CC3DE00664212 /* ContactsTableViewController.swift in Sources */ = {isa = PBXBuildFile; fileRef = 340AB1491B3CC3DE00664212 /* ContactsTableViewController.swift */; };
		343F863C1B389D6300F5DE19 /* AppDelegate.swift in Sources */ = {isa = PBXBuildFile; fileRef = 343F863B1B389D6300F5DE19 /* AppDelegate.swift */; };
		343F86411B389D6300F5DE19 /* Main.storyboard in Resources */ = {isa = PBXBuildFile; fileRef = 343F863F1B389D6300F5DE19 /* Main.storyboard */; };
		343F86431B389D6300F5DE19 /* Images.xcassets in Resources */ = {isa = PBXBuildFile; fileRef = 343F86421B389D6300F5DE19 /* Images.xcassets */; };
		343F86461B389D6400F5DE19 /* LaunchScreen.xib in Resources */ = {isa = PBXBuildFile; fileRef = 343F86441B389D6300F5DE19 /* LaunchScreen.xib */; };
		343F86521B389D6400F5DE19 /* Dinner_PartyTests.swift in Sources */ = {isa = PBXBuildFile; fileRef = 343F86511B389D6400F5DE19 /* Dinner_PartyTests.swift */; };
		343F865F1B38A27C00F5DE19 /* Gradient.swift in Sources */ = {isa = PBXBuildFile; fileRef = 343F865E1B38A27C00F5DE19 /* Gradient.swift */; };
		343F86651B38B4E400F5DE19 /* HomeViewController.swift in Sources */ = {isa = PBXBuildFile; fileRef = 343F86641B38B4E400F5DE19 /* HomeViewController.swift */; };
		3449AB6A1B3CAB94001B7454 /* Quote.swift in Sources */ = {isa = PBXBuildFile; fileRef = 3449AB691B3CAB94001B7454 /* Quote.swift */; };
		3449AB6C1B3CAC23001B7454 /* Quotes.plist in Resources */ = {isa = PBXBuildFile; fileRef = 3449AB6B1B3CAC23001B7454 /* Quotes.plist */; };
		348227171B3CE04600D6B09B /* AddEventTableViewController.swift in Sources */ = {isa = PBXBuildFile; fileRef = 348227161B3CE04600D6B09B /* AddEventTableViewController.swift */; };
		348227191B3CEC5000D6B09B /* SelectGuestsTableViewController.swift in Sources */ = {isa = PBXBuildFile; fileRef = 348227181B3CEC5000D6B09B /* SelectGuestsTableViewController.swift */; };
		3482271B1B3CECDB00D6B09B /* SampleContacts.plist in Resources */ = {isa = PBXBuildFile; fileRef = 3482271A1B3CECDB00D6B09B /* SampleContacts.plist */; };
		3482271D1B3CEE8C00D6B09B /* SampleEvents.plist in Resources */ = {isa = PBXBuildFile; fileRef = 3482271C1B3CEE8C00D6B09B /* SampleEvents.plist */; };
		3482271F1B3CF23200D6B09B /* AddContactTableViewController.swift in Sources */ = {isa = PBXBuildFile; fileRef = 3482271E1B3CF23200D6B09B /* AddContactTableViewController.swift */; };
		34D8EC9C1B392D2E007F428C /* Ingredients.plist in Resources */ = {isa = PBXBuildFile; fileRef = 34D8EC9B1B392D2E007F428C /* Ingredients.plist */; };
		34E0FA531B38D324009E0A7D /* AllEventsTableViewController.swift in Sources */ = {isa = PBXBuildFile; fileRef = 34E0FA521B38D324009E0A7D /* AllEventsTableViewController.swift */; };
		34E0FA551B38D475009E0A7D /* Event.swift in Sources */ = {isa = PBXBuildFile; fileRef = 34E0FA541B38D475009E0A7D /* Event.swift */; };
		34E0FA571B38DA03009E0A7D /* Contact.swift in Sources */ = {isa = PBXBuildFile; fileRef = 34E0FA561B38DA03009E0A7D /* Contact.swift */; };
		34E0FA591B38DD34009E0A7D /* Ingredient.swift in Sources */ = {isa = PBXBuildFile; fileRef = 34E0FA581B38DD34009E0A7D /* Ingredient.swift */; };
/* End PBXBuildFile section */

/* Begin PBXContainerItemProxy section */
		343F864C1B389D6400F5DE19 /* PBXContainerItemProxy */ = {
			isa = PBXContainerItemProxy;
			containerPortal = 343F862E1B389D6300F5DE19 /* Project object */;
			proxyType = 1;
			remoteGlobalIDString = 343F86351B389D6300F5DE19;
			remoteInfo = "Dinner Party";
		};
/* End PBXContainerItemProxy section */

/* Begin PBXFileReference section */
		340AB1491B3CC3DE00664212 /* ContactsTableViewController.swift */ = {isa = PBXFileReference; fileEncoding = 4; lastKnownFileType = sourcecode.swift; path = ContactsTableViewController.swift; sourceTree = "<group>"; };
		343F86361B389D6300F5DE19 /* Dinner Party.app */ = {isa = PBXFileReference; explicitFileType = wrapper.application; includeInIndex = 0; path = "Dinner Party.app"; sourceTree = BUILT_PRODUCTS_DIR; };
		343F863A1B389D6300F5DE19 /* Info.plist */ = {isa = PBXFileReference; lastKnownFileType = text.plist.xml; path = Info.plist; sourceTree = "<group>"; };
		343F863B1B389D6300F5DE19 /* AppDelegate.swift */ = {isa = PBXFileReference; lastKnownFileType = sourcecode.swift; path = AppDelegate.swift; sourceTree = "<group>"; };
		343F86401B389D6300F5DE19 /* Base */ = {isa = PBXFileReference; lastKnownFileType = file.storyboard; name = Base; path = Base.lproj/Main.storyboard; sourceTree = "<group>"; };
		343F86421B389D6300F5DE19 /* Images.xcassets */ = {isa = PBXFileReference; lastKnownFileType = folder.assetcatalog; path = Images.xcassets; sourceTree = "<group>"; };
		343F86451B389D6400F5DE19 /* Base */ = {isa = PBXFileReference; lastKnownFileType = file.xib; name = Base; path = Base.lproj/LaunchScreen.xib; sourceTree = "<group>"; };
		343F864B1B389D6400F5DE19 /* Dinner PartyTests.xctest */ = {isa = PBXFileReference; explicitFileType = wrapper.cfbundle; includeInIndex = 0; path = "Dinner PartyTests.xctest"; sourceTree = BUILT_PRODUCTS_DIR; };
		343F86501B389D6400F5DE19 /* Info.plist */ = {isa = PBXFileReference; lastKnownFileType = text.plist.xml; path = Info.plist; sourceTree = "<group>"; };
		343F86511B389D6400F5DE19 /* Dinner_PartyTests.swift */ = {isa = PBXFileReference; lastKnownFileType = sourcecode.swift; path = Dinner_PartyTests.swift; sourceTree = "<group>"; };
		343F865E1B38A27C00F5DE19 /* Gradient.swift */ = {isa = PBXFileReference; fileEncoding = 4; lastKnownFileType = sourcecode.swift; path = Gradient.swift; sourceTree = "<group>"; };
		343F86641B38B4E400F5DE19 /* HomeViewController.swift */ = {isa = PBXFileReference; fileEncoding = 4; lastKnownFileType = sourcecode.swift; path = HomeViewController.swift; sourceTree = "<group>"; };
		3449AB691B3CAB94001B7454 /* Quote.swift */ = {isa = PBXFileReference; fileEncoding = 4; lastKnownFileType = sourcecode.swift; path = Quote.swift; sourceTree = "<group>"; };
		3449AB6B1B3CAC23001B7454 /* Quotes.plist */ = {isa = PBXFileReference; fileEncoding = 4; lastKnownFileType = text.plist.xml; path = Quotes.plist; sourceTree = "<group>"; };
		348227161B3CE04600D6B09B /* AddEventTableViewController.swift */ = {isa = PBXFileReference; fileEncoding = 4; lastKnownFileType = sourcecode.swift; path = AddEventTableViewController.swift; sourceTree = "<group>"; };
		348227181B3CEC5000D6B09B /* SelectGuestsTableViewController.swift */ = {isa = PBXFileReference; fileEncoding = 4; lastKnownFileType = sourcecode.swift; path = SelectGuestsTableViewController.swift; sourceTree = "<group>"; };
		3482271A1B3CECDB00D6B09B /* SampleContacts.plist */ = {isa = PBXFileReference; fileEncoding = 4; lastKnownFileType = text.plist.xml; path = SampleContacts.plist; sourceTree = "<group>"; };
		3482271C1B3CEE8C00D6B09B /* SampleEvents.plist */ = {isa = PBXFileReference; fileEncoding = 4; lastKnownFileType = text.plist.xml; path = SampleEvents.plist; sourceTree = "<group>"; };
		3482271E1B3CF23200D6B09B /* AddContactTableViewController.swift */ = {isa = PBXFileReference; fileEncoding = 4; lastKnownFileType = sourcecode.swift; path = AddContactTableViewController.swift; sourceTree = "<group>"; };
		34D8EC9B1B392D2E007F428C /* Ingredients.plist */ = {isa = PBXFileReference; fileEncoding = 4; lastKnownFileType = text.plist.xml; path = Ingredients.plist; sourceTree = "<group>"; };
		34E0FA521B38D324009E0A7D /* AllEventsTableViewController.swift */ = {isa = PBXFileReference; fileEncoding = 4; lastKnownFileType = sourcecode.swift; path = AllEventsTableViewController.swift; sourceTree = "<group>"; };
		34E0FA541B38D475009E0A7D /* Event.swift */ = {isa = PBXFileReference; fileEncoding = 4; lastKnownFileType = sourcecode.swift; path = Event.swift; sourceTree = "<group>"; };
		34E0FA561B38DA03009E0A7D /* Contact.swift */ = {isa = PBXFileReference; fileEncoding = 4; lastKnownFileType = sourcecode.swift; path = Contact.swift; sourceTree = "<group>"; };
		34E0FA581B38DD34009E0A7D /* Ingredient.swift */ = {isa = PBXFileReference; fileEncoding = 4; lastKnownFileType = sourcecode.swift; path = Ingredient.swift; sourceTree = "<group>"; };
/* End PBXFileReference section */

/* Begin PBXFrameworksBuildPhase section */
		343F86331B389D6300F5DE19 /* Frameworks */ = {
			isa = PBXFrameworksBuildPhase;
			buildActionMask = 2147483647;
			files = (
			);
			runOnlyForDeploymentPostprocessing = 0;
		};
		343F86481B389D6400F5DE19 /* Frameworks */ = {
			isa = PBXFrameworksBuildPhase;
			buildActionMask = 2147483647;
			files = (
			);
			runOnlyForDeploymentPostprocessing = 0;
		};
/* End PBXFrameworksBuildPhase section */

/* Begin PBXGroup section */
		343F862D1B389D6300F5DE19 = {
			isa = PBXGroup;
			children = (
				343F86381B389D6300F5DE19 /* Dinner Party */,
				343F864E1B389D6400F5DE19 /* Dinner PartyTests */,
				343F86371B389D6300F5DE19 /* Products */,
			);
			sourceTree = "<group>";
		};
		343F86371B389D6300F5DE19 /* Products */ = {
			isa = PBXGroup;
			children = (
				343F86361B389D6300F5DE19 /* Dinner Party.app */,
				343F864B1B389D6400F5DE19 /* Dinner PartyTests.xctest */,
			);
			name = Products;
			sourceTree = "<group>";
		};
		343F86381B389D6300F5DE19 /* Dinner Party */ = {
			isa = PBXGroup;
			children = (
				343F863B1B389D6300F5DE19 /* AppDelegate.swift */,
				343F865D1B389E1C00F5DE19 /* Models */,
				343F865C1B389E0D00F5DE19 /* Controllers */,
				343F865B1B389E0100F5DE19 /* Views */,
				343F86421B389D6300F5DE19 /* Images.xcassets */,
				343F86441B389D6300F5DE19 /* LaunchScreen.xib */,
				343F86391B389D6300F5DE19 /* Supporting Files */,
			);
			path = "Dinner Party";
			sourceTree = "<group>";
		};
		343F86391B389D6300F5DE19 /* Supporting Files */ = {
			isa = PBXGroup;
			children = (
				343F865E1B38A27C00F5DE19 /* Gradient.swift */,
				343F863A1B389D6300F5DE19 /* Info.plist */,
				3482271A1B3CECDB00D6B09B /* SampleContacts.plist */,
				3482271C1B3CEE8C00D6B09B /* SampleEvents.plist */,
				34D8EC9B1B392D2E007F428C /* Ingredients.plist */,
				3449AB6B1B3CAC23001B7454 /* Quotes.plist */,
			);
			name = "Supporting Files";
			sourceTree = "<group>";
		};
		343F864E1B389D6400F5DE19 /* Dinner PartyTests */ = {
			isa = PBXGroup;
			children = (
				343F86511B389D6400F5DE19 /* Dinner_PartyTests.swift */,
				343F864F1B389D6400F5DE19 /* Supporting Files */,
			);
			path = "Dinner PartyTests";
			sourceTree = "<group>";
		};
		343F864F1B389D6400F5DE19 /* Supporting Files */ = {
			isa = PBXGroup;
			children = (
				343F86501B389D6400F5DE19 /* Info.plist */,
			);
			name = "Supporting Files";
			sourceTree = "<group>";
		};
		343F865B1B389E0100F5DE19 /* Views */ = {
			isa = PBXGroup;
			children = (
				343F863F1B389D6300F5DE19 /* Main.storyboard */,
			);
			name = Views;
			sourceTree = "<group>";
		};
		343F865C1B389E0D00F5DE19 /* Controllers */ = {
			isa = PBXGroup;
			children = (
				343F86641B38B4E400F5DE19 /* HomeViewController.swift */,
				34E0FA521B38D324009E0A7D /* AllEventsTableViewController.swift */,
				340AB1491B3CC3DE00664212 /* ContactsTableViewController.swift */,
				3482271E1B3CF23200D6B09B /* AddContactTableViewController.swift */,
				348227181B3CEC5000D6B09B /* SelectGuestsTableViewController.swift */,
				348227161B3CE04600D6B09B /* AddEventTableViewController.swift */,
			);
			name = Controllers;
			sourceTree = "<group>";
		};
		343F865D1B389E1C00F5DE19 /* Models */ = {
			isa = PBXGroup;
			children = (
				34E0FA541B38D475009E0A7D /* Event.swift */,
				34E0FA561B38DA03009E0A7D /* Contact.swift */,
				34E0FA581B38DD34009E0A7D /* Ingredient.swift */,
				3449AB691B3CAB94001B7454 /* Quote.swift */,
			);
			name = Models;
			sourceTree = "<group>";
		};
/* End PBXGroup section */

/* Begin PBXNativeTarget section */
		343F86351B389D6300F5DE19 /* Dinner Party */ = {
			isa = PBXNativeTarget;
			buildConfigurationList = 343F86551B389D6400F5DE19 /* Build configuration list for PBXNativeTarget "Dinner Party" */;
			buildPhases = (
				343F86321B389D6300F5DE19 /* Sources */,
				343F86331B389D6300F5DE19 /* Frameworks */,
				343F86341B389D6300F5DE19 /* Resources */,
			);
			buildRules = (
			);
			dependencies = (
			);
			name = "Dinner Party";
			productName = "Dinner Party";
			productReference = 343F86361B389D6300F5DE19 /* Dinner Party.app */;
			productType = "com.apple.product-type.application";
		};
		343F864A1B389D6400F5DE19 /* Dinner PartyTests */ = {
			isa = PBXNativeTarget;
			buildConfigurationList = 343F86581B389D6400F5DE19 /* Build configuration list for PBXNativeTarget "Dinner PartyTests" */;
			buildPhases = (
				343F86471B389D6400F5DE19 /* Sources */,
				343F86481B389D6400F5DE19 /* Frameworks */,
				343F86491B389D6400F5DE19 /* Resources */,
			);
			buildRules = (
			);
			dependencies = (
				343F864D1B389D6400F5DE19 /* PBXTargetDependency */,
			);
			name = "Dinner PartyTests";
			productName = "Dinner PartyTests";
			productReference = 343F864B1B389D6400F5DE19 /* Dinner PartyTests.xctest */;
			productType = "com.apple.product-type.bundle.unit-test";
		};
/* End PBXNativeTarget section */

/* Begin PBXProject section */
		343F862E1B389D6300F5DE19 /* Project object */ = {
			isa = PBXProject;
			attributes = {
				LastUpgradeCheck = 0630;
				ORGANIZATIONNAME = "Matthew McClure";
				TargetAttributes = {
					343F86351B389D6300F5DE19 = {
						CreatedOnToolsVersion = 6.3.2;
					};
					343F864A1B389D6400F5DE19 = {
						CreatedOnToolsVersion = 6.3.2;
						TestTargetID = 343F86351B389D6300F5DE19;
					};
				};
			};
			buildConfigurationList = 343F86311B389D6300F5DE19 /* Build configuration list for PBXProject "Dinner Party" */;
			compatibilityVersion = "Xcode 3.2";
			developmentRegion = English;
			hasScannedForEncodings = 0;
			knownRegions = (
				en,
				Base,
			);
			mainGroup = 343F862D1B389D6300F5DE19;
			productRefGroup = 343F86371B389D6300F5DE19 /* Products */;
			projectDirPath = "";
			projectRoot = "";
			targets = (
				343F86351B389D6300F5DE19 /* Dinner Party */,
				343F864A1B389D6400F5DE19 /* Dinner PartyTests */,
			);
		};
/* End PBXProject section */

/* Begin PBXResourcesBuildPhase section */
		343F86341B389D6300F5DE19 /* Resources */ = {
			isa = PBXResourcesBuildPhase;
			buildActionMask = 2147483647;
			files = (
				343F86411B389D6300F5DE19 /* Main.storyboard in Resources */,
				3482271B1B3CECDB00D6B09B /* SampleContacts.plist in Resources */,
				343F86461B389D6400F5DE19 /* LaunchScreen.xib in Resources */,
				3482271D1B3CEE8C00D6B09B /* SampleEvents.plist in Resources */,
				343F86431B389D6300F5DE19 /* Images.xcassets in Resources */,
				3449AB6C1B3CAC23001B7454 /* Quotes.plist in Resources */,
				34D8EC9C1B392D2E007F428C /* Ingredients.plist in Resources */,
			);
			runOnlyForDeploymentPostprocessing = 0;
		};
		343F86491B389D6400F5DE19 /* Resources */ = {
			isa = PBXResourcesBuildPhase;
			buildActionMask = 2147483647;
			files = (
			);
			runOnlyForDeploymentPostprocessing = 0;
		};
/* End PBXResourcesBuildPhase section */

/* Begin PBXSourcesBuildPhase section */
		343F86321B389D6300F5DE19 /* Sources */ = {
			isa = PBXSourcesBuildPhase;
			buildActionMask = 2147483647;
			files = (
				348227171B3CE04600D6B09B /* AddEventTableViewController.swift in Sources */,
				348227191B3CEC5000D6B09B /* SelectGuestsTableViewController.swift in Sources */,
				3482271F1B3CF23200D6B09B /* AddContactTableViewController.swift in Sources */,
				343F86651B38B4E400F5DE19 /* HomeViewController.swift in Sources */,
				343F863C1B389D6300F5DE19 /* AppDelegate.swift in Sources */,
				340AB14A1B3CC3DE00664212 /* ContactsTableViewController.swift in Sources */,
				34E0FA591B38DD34009E0A7D /* Ingredient.swift in Sources */,
				34E0FA571B38DA03009E0A7D /* Contact.swift in Sources */,
				3449AB6A1B3CAB94001B7454 /* Quote.swift in Sources */,
				34E0FA531B38D324009E0A7D /* AllEventsTableViewController.swift in Sources */,
				343F865F1B38A27C00F5DE19 /* Gradient.swift in Sources */,
				34E0FA551B38D475009E0A7D /* Event.swift in Sources */,
			);
			runOnlyForDeploymentPostprocessing = 0;
		};
		343F86471B389D6400F5DE19 /* Sources */ = {
			isa = PBXSourcesBuildPhase;
			buildActionMask = 2147483647;
			files = (
				343F86521B389D6400F5DE19 /* Dinner_PartyTests.swift in Sources */,
			);
			runOnlyForDeploymentPostprocessing = 0;
		};
/* End PBXSourcesBuildPhase section */

/* Begin PBXTargetDependency section */
		343F864D1B389D6400F5DE19 /* PBXTargetDependency */ = {
			isa = PBXTargetDependency;
			target = 343F86351B389D6300F5DE19 /* Dinner Party */;
			targetProxy = 343F864C1B389D6400F5DE19 /* PBXContainerItemProxy */;
		};
/* End PBXTargetDependency section */

/* Begin PBXVariantGroup section */
		343F863F1B389D6300F5DE19 /* Main.storyboard */ = {
			isa = PBXVariantGroup;
			children = (
				343F86401B389D6300F5DE19 /* Base */,
			);
			name = Main.storyboard;
			sourceTree = "<group>";
		};
		343F86441B389D6300F5DE19 /* LaunchScreen.xib */ = {
			isa = PBXVariantGroup;
			children = (
				343F86451B389D6400F5DE19 /* Base */,
			);
			name = LaunchScreen.xib;
			sourceTree = "<group>";
		};
/* End PBXVariantGroup section */

/* Begin XCBuildConfiguration section */
		343F86531B389D6400F5DE19 /* Debug */ = {
			isa = XCBuildConfiguration;
			buildSettings = {
				ALWAYS_SEARCH_USER_PATHS = NO;
				CLANG_CXX_LANGUAGE_STANDARD = "gnu++0x";
				CLANG_CXX_LIBRARY = "libc++";
				CLANG_ENABLE_MODULES = YES;
				CLANG_ENABLE_OBJC_ARC = YES;
				CLANG_WARN_BOOL_CONVERSION = YES;
				CLANG_WARN_CONSTANT_CONVERSION = YES;
				CLANG_WARN_DIRECT_OBJC_ISA_USAGE = YES_ERROR;
				CLANG_WARN_EMPTY_BODY = YES;
				CLANG_WARN_ENUM_CONVERSION = YES;
				CLANG_WARN_INT_CONVERSION = YES;
				CLANG_WARN_OBJC_ROOT_CLASS = YES_ERROR;
				CLANG_WARN_UNREACHABLE_CODE = YES;
				CLANG_WARN__DUPLICATE_METHOD_MATCH = YES;
				"CODE_SIGN_IDENTITY[sdk=iphoneos*]" = "iPhone Developer";
				COPY_PHASE_STRIP = NO;
				DEBUG_INFORMATION_FORMAT = "dwarf-with-dsym";
				ENABLE_STRICT_OBJC_MSGSEND = YES;
				GCC_C_LANGUAGE_STANDARD = gnu99;
				GCC_DYNAMIC_NO_PIC = NO;
				GCC_NO_COMMON_BLOCKS = YES;
				GCC_OPTIMIZATION_LEVEL = 0;
				GCC_PREPROCESSOR_DEFINITIONS = (
					"DEBUG=1",
					"$(inherited)",
				);
				GCC_SYMBOLS_PRIVATE_EXTERN = NO;
				GCC_WARN_64_TO_32_BIT_CONVERSION = YES;
				GCC_WARN_ABOUT_RETURN_TYPE = YES_ERROR;
				GCC_WARN_UNDECLARED_SELECTOR = YES;
				GCC_WARN_UNINITIALIZED_AUTOS = YES_AGGRESSIVE;
				GCC_WARN_UNUSED_FUNCTION = YES;
				GCC_WARN_UNUSED_VARIABLE = YES;
				IPHONEOS_DEPLOYMENT_TARGET = 8.3;
				MTL_ENABLE_DEBUG_INFO = YES;
				ONLY_ACTIVE_ARCH = YES;
				SDKROOT = iphoneos;
				SWIFT_OPTIMIZATION_LEVEL = "-Onone";
				TARGETED_DEVICE_FAMILY = "1,2";
			};
			name = Debug;
		};
		343F86541B389D6400F5DE19 /* Release */ = {
			isa = XCBuildConfiguration;
			buildSettings = {
				ALWAYS_SEARCH_USER_PATHS = NO;
				CLANG_CXX_LANGUAGE_STANDARD = "gnu++0x";
				CLANG_CXX_LIBRARY = "libc++";
				CLANG_ENABLE_MODULES = YES;
				CLANG_ENABLE_OBJC_ARC = YES;
				CLANG_WARN_BOOL_CONVERSION = YES;
				CLANG_WARN_CONSTANT_CONVERSION = YES;
				CLANG_WARN_DIRECT_OBJC_ISA_USAGE = YES_ERROR;
				CLANG_WARN_EMPTY_BODY = YES;
				CLANG_WARN_ENUM_CONVERSION = YES;
				CLANG_WARN_INT_CONVERSION = YES;
				CLANG_WARN_OBJC_ROOT_CLASS = YES_ERROR;
				CLANG_WARN_UNREACHABLE_CODE = YES;
				CLANG_WARN__DUPLICATE_METHOD_MATCH = YES;
				"CODE_SIGN_IDENTITY[sdk=iphoneos*]" = "iPhone Developer";
				COPY_PHASE_STRIP = NO;
				DEBUG_INFORMATION_FORMAT = "dwarf-with-dsym";
				ENABLE_NS_ASSERTIONS = NO;
				ENABLE_STRICT_OBJC_MSGSEND = YES;
				GCC_C_LANGUAGE_STANDARD = gnu99;
				GCC_NO_COMMON_BLOCKS = YES;
				GCC_WARN_64_TO_32_BIT_CONVERSION = YES;
				GCC_WARN_ABOUT_RETURN_TYPE = YES_ERROR;
				GCC_WARN_UNDECLARED_SELECTOR = YES;
				GCC_WARN_UNINITIALIZED_AUTOS = YES_AGGRESSIVE;
				GCC_WARN_UNUSED_FUNCTION = YES;
				GCC_WARN_UNUSED_VARIABLE = YES;
				IPHONEOS_DEPLOYMENT_TARGET = 8.3;
				MTL_ENABLE_DEBUG_INFO = NO;
				SDKROOT = iphoneos;
				TARGETED_DEVICE_FAMILY = "1,2";
				VALIDATE_PRODUCT = YES;
			};
			name = Release;
		};
		343F86561B389D6400F5DE19 /* Debug */ = {
			isa = XCBuildConfiguration;
			buildSettings = {
				ASSETCATALOG_COMPILER_APPICON_NAME = AppIcon;
				INFOPLIST_FILE = "Dinner Party/Info.plist";
				LD_RUNPATH_SEARCH_PATHS = "$(inherited) @executable_path/Frameworks";
				PRODUCT_NAME = "$(TARGET_NAME)";
				TARGETED_DEVICE_FAMILY = 2;
			};
			name = Debug;
		};
		343F86571B389D6400F5DE19 /* Release */ = {
			isa = XCBuildConfiguration;
			buildSettings = {
				ASSETCATALOG_COMPILER_APPICON_NAME = AppIcon;
				INFOPLIST_FILE = "Dinner Party/Info.plist";
				LD_RUNPATH_SEARCH_PATHS = "$(inherited) @executable_path/Frameworks";
				PRODUCT_NAME = "$(TARGET_NAME)";
				TARGETED_DEVICE_FAMILY = 2;
			};
			name = Release;
		};
		343F86591B389D6400F5DE19 /* Debug */ = {
			isa = XCBuildConfiguration;
			buildSettings = {
				BUNDLE_LOADER = "$(TEST_HOST)";
				FRAMEWORK_SEARCH_PATHS = (
					"$(SDKROOT)/Developer/Library/Frameworks",
					"$(inherited)",
				);
				GCC_PREPROCESSOR_DEFINITIONS = (
					"DEBUG=1",
					"$(inherited)",
				);
				INFOPLIST_FILE = "Dinner PartyTests/Info.plist";
				LD_RUNPATH_SEARCH_PATHS = "$(inherited) @executable_path/Frameworks @loader_path/Frameworks";
				PRODUCT_NAME = "$(TARGET_NAME)";
				TEST_HOST = "$(BUILT_PRODUCTS_DIR)/Dinner Party.app/Dinner Party";
			};
			name = Debug;
		};
		343F865A1B389D6400F5DE19 /* Release */ = {
			isa = XCBuildConfiguration;
			buildSettings = {
				BUNDLE_LOADER = "$(TEST_HOST)";
				FRAMEWORK_SEARCH_PATHS = (
					"$(SDKROOT)/Developer/Library/Frameworks",
					"$(inherited)",
				);
				INFOPLIST_FILE = "Dinner PartyTests/Info.plist";
				LD_RUNPATH_SEARCH_PATHS = "$(inherited) @executable_path/Frameworks @loader_path/Frameworks";
				PRODUCT_NAME = "$(TARGET_NAME)";
				TEST_HOST = "$(BUILT_PRODUCTS_DIR)/Dinner Party.app/Dinner Party";
			};
			name = Release;
		};
/* End XCBuildConfiguration section */

/* Begin XCConfigurationList section */
		343F86311B389D6300F5DE19 /* Build configuration list for PBXProject "Dinner Party" */ = {
			isa = XCConfigurationList;
			buildConfigurations = (
				343F86531B389D6400F5DE19 /* Debug */,
				343F86541B389D6400F5DE19 /* Release */,
			);
			defaultConfigurationIsVisible = 0;
			defaultConfigurationName = Release;
		};
		343F86551B389D6400F5DE19 /* Build configuration list for PBXNativeTarget "Dinner Party" */ = {
			isa = XCConfigurationList;
			buildConfigurations = (
				343F86561B389D6400F5DE19 /* Debug */,
				343F86571B389D6400F5DE19 /* Release */,
			);
			defaultConfigurationIsVisible = 0;
			defaultConfigurationName = Release;
		};
		343F86581B389D6400F5DE19 /* Build configuration list for PBXNativeTarget "Dinner PartyTests" */ = {
			isa = XCConfigurationList;
			buildConfigurations = (
				343F86591B389D6400F5DE19 /* Debug */,
				343F865A1B389D6400F5DE19 /* Release */,
			);
			defaultConfigurationIsVisible = 0;
			defaultConfigurationName = Release;
		};
/* End XCConfigurationList section */
	};
	rootObject = 343F862E1B389D6300F5DE19 /* Project object */;
}
